
Microsoft Visual Studio Solution File, Format Version 12.00
# Visual Studio Version 16
VisualStudioVersion = 16.0.31025.194
MinimumVisualStudioVersion = 10.0.40219.1
Project("{FAE04EC0-301F-11D3-BF4B-00C04F79EFBC}") = "ManagementApp", "ManagementApp\ManagementApp.csproj", "{7F5137DE-10EC-4869-ADF2-D8769D258966}"
EndProject
Global
	GlobalSection(SolutionConfigurationPlatforms) = preSolution
		Debug|Any CPU = Debug|Any CPU
		Release|Any CPU = Release|Any CPU
	EndGlobalSection
	GlobalSection(ProjectConfigurationPlatforms) = postSolution
		{7F5137DE-10EC-4869-ADF2-D8769D258966}.Debug|Any CPU.ActiveCfg = Debug|Any CPU
		{7F5137DE-10EC-4869-ADF2-D8769D258966}.Debug|Any CPU.Build.0 = Debug|Any CPU
		{7F5137DE-10EC-4869-ADF2-D8769D258966}.Release|Any CPU.ActiveCfg = Release|Any CPU
		{7F5137DE-10EC-4869-ADF2-D8769D258966}.Release|Any CPU.Build.0 = Release|Any CPU
	EndGlobalSection
	GlobalSection(SolutionProperties) = preSolution
		HideSolutionNode = FALSE
	EndGlobalSection
	GlobalSection(ExtensibilityGlobals) = postSolution
		SolutionGuid = {37BE246B-609E-490D-80F4-FB2D8F404BB0}
	EndGlobalSection
EndGlobal
